
Microsoft Visual Studio Solution File, Format Version 12.00
# Visual Studio 15
VisualStudioVersion = 15.0.27428.2027
MinimumVisualStudioVersion = 10.0.40219.1
Project("{9A19103F-16F7-4668-BE54-9A1E7A4F7556}") = "AppCfg", "AppCfg\AppCfg.csproj", "{908F244B-9FE5-4230-98EE-8903128DDA48}"
EndProject
Project("{FAE04EC0-301F-11D3-BF4B-00C04F79EFBC}") = "AppCfgDemo", "AppCfgDemo\AppCfgDemo.csproj", "{07047ECC-1D24-4064-A182-A1E1CDB3B171}"
EndProject
Project("{2150E333-8FDC-42A3-9474-1A3956D46DE8}") = "Solution Items", "Solution Items", "{461812CA-C7FD-4FDB-BB4C-E4D982887F2C}"
	ProjectSection(SolutionItems) = preProject
		wiki\icon.ico = wiki\icon.ico
		README.md = README.md
	EndProjectSection
EndProject
Project("{FAE04EC0-301F-11D3-BF4B-00C04F79EFBC}") = "AppCfg.Test", "AppCfg.Test\AppCfg.Test.csproj", "{F07BBCB0-860A-4D17-A577-8BF95515A26C}"
EndProject
Project("{2150E333-8FDC-42A3-9474-1A3956D46DE8}") = "Scripts", "Scripts", "{BB307915-B3E2-41A8-A831-F1C0B3678BE2}"
	ProjectSection(SolutionItems) = preProject
		Scripts\sample_get_setting_multi_tenant_store.sql = Scripts\sample_get_setting_multi_tenant_store.sql
		Scripts\sample_get_setting_store.sql = Scripts\sample_get_setting_store.sql
		Scripts\test_database.sql = Scripts\test_database.sql
	EndProjectSection
EndProject
Global
	GlobalSection(SolutionConfigurationPlatforms) = preSolution
		Debug|Any CPU = Debug|Any CPU
		Release|Any CPU = Release|Any CPU
	EndGlobalSection
	GlobalSection(ProjectConfigurationPlatforms) = postSolution
		{908F244B-9FE5-4230-98EE-8903128DDA48}.Debug|Any CPU.ActiveCfg = Debug|Any CPU
		{908F244B-9FE5-4230-98EE-8903128DDA48}.Debug|Any CPU.Build.0 = Debug|Any CPU
		{908F244B-9FE5-4230-98EE-8903128DDA48}.Release|Any CPU.ActiveCfg = Release|Any CPU
		{908F244B-9FE5-4230-98EE-8903128DDA48}.Release|Any CPU.Build.0 = Release|Any CPU
		{07047ECC-1D24-4064-A182-A1E1CDB3B171}.Debug|Any CPU.ActiveCfg = Debug|Any CPU
		{07047ECC-1D24-4064-A182-A1E1CDB3B171}.Debug|Any CPU.Build.0 = Debug|Any CPU
		{07047ECC-1D24-4064-A182-A1E1CDB3B171}.Release|Any CPU.ActiveCfg = Release|Any CPU
		{07047ECC-1D24-4064-A182-A1E1CDB3B171}.Release|Any CPU.Build.0 = Release|Any CPU
		{F07BBCB0-860A-4D17-A577-8BF95515A26C}.Debug|Any CPU.ActiveCfg = Debug|Any CPU
		{F07BBCB0-860A-4D17-A577-8BF95515A26C}.Debug|Any CPU.Build.0 = Debug|Any CPU
		{F07BBCB0-860A-4D17-A577-8BF95515A26C}.Release|Any CPU.ActiveCfg = Release|Any CPU
		{F07BBCB0-860A-4D17-A577-8BF95515A26C}.Release|Any CPU.Build.0 = Release|Any CPU
	EndGlobalSection
	GlobalSection(SolutionProperties) = preSolution
		HideSolutionNode = FALSE
	EndGlobalSection
	GlobalSection(NestedProjects) = preSolution
		{BB307915-B3E2-41A8-A831-F1C0B3678BE2} = {461812CA-C7FD-4FDB-BB4C-E4D982887F2C}
	EndGlobalSection
	GlobalSection(ExtensibilityGlobals) = postSolution
		SolutionGuid = {D7FFDE27-A0E8-4B9E-9F5B-4B6BA01ACED5}
	EndGlobalSection
EndGlobal
